// !$*UTF8*$!
{
	archiveVersion = 1;
	classes = {
	};
	objectVersion = 50;
	objects = {

/* Begin PBXBuildFile section */
		0AC3590A379260AA1A58DE2C /* Pods_NinetyNineSwiftProblems.framework in Frameworks */ = {isa = PBXBuildFile; fileRef = 3A25D3036A5E38893C688840 /* Pods_NinetyNineSwiftProblems.framework */; };
		5222F3632187461C001C2B87 /* List.swift in Sources */ = {isa = PBXBuildFile; fileRef = 5222F3602187461C001C2B87 /* List.swift */; };
		5222F36D21874765001C2B87 /* ListTests.swift in Sources */ = {isa = PBXBuildFile; fileRef = 5222F36C21874765001C2B87 /* ListTests.swift */; };
		526EA6EF218AD9B60047835E /* Arithmetic.swift in Sources */ = {isa = PBXBuildFile; fileRef = 526EA6EE218AD9B60047835E /* Arithmetic.swift */; };
		526EA6F3218ADA750047835E /* ArithmeticTests.swift in Sources */ = {isa = PBXBuildFile; fileRef = 526EA6F2218ADA750047835E /* ArithmeticTests.swift */; };
		526EA6FB218B00E70047835E /* SetExtensions.swift in Sources */ = {isa = PBXBuildFile; fileRef = 526EA6FA218B00E70047835E /* SetExtensions.swift */; };
		52F8716B218744C300AA73D3 /* AppDelegate.swift in Sources */ = {isa = PBXBuildFile; fileRef = 52F8716A218744C300AA73D3 /* AppDelegate.swift */; };
		52F8716D218744C400AA73D3 /* Assets.xcassets in Resources */ = {isa = PBXBuildFile; fileRef = 52F8716C218744C400AA73D3 /* Assets.xcassets */; };
		52F87170218744C400AA73D3 /* MainMenu.xib in Resources */ = {isa = PBXBuildFile; fileRef = 52F8716E218744C400AA73D3 /* MainMenu.xib */; };
/* End PBXBuildFile section */

/* Begin PBXContainerItemProxy section */
		52F87178218744C400AA73D3 /* PBXContainerItemProxy */ = {
			isa = PBXContainerItemProxy;
			containerPortal = 52F8715F218744C200AA73D3 /* Project object */;
			proxyType = 1;
			remoteGlobalIDString = 52F87166218744C300AA73D3;
			remoteInfo = NinetyNineSwiftProblems;
		};
/* End PBXContainerItemProxy section */

/* Begin PBXCopyFilesBuildPhase section */
		5222F3682187462B001C2B87 /* Embed Frameworks */ = {
			isa = PBXCopyFilesBuildPhase;
			buildActionMask = 2147483647;
			dstPath = "";
			dstSubfolderSpec = 10;
			files = (
			);
			name = "Embed Frameworks";
			runOnlyForDeploymentPostprocessing = 0;
		};
/* End PBXCopyFilesBuildPhase section */

/* Begin PBXFileReference section */
		2D12D886153592AEF3B2B9C9 /* Pods-NinetyNineSwiftProblems.debug.xcconfig */ = {isa = PBXFileReference; includeInIndex = 1; lastKnownFileType = text.xcconfig; name = "Pods-NinetyNineSwiftProblems.debug.xcconfig"; path = "Pods/Target Support Files/Pods-NinetyNineSwiftProblems/Pods-NinetyNineSwiftProblems.debug.xcconfig"; sourceTree = "<group>"; };
		3A25D3036A5E38893C688840 /* Pods_NinetyNineSwiftProblems.framework */ = {isa = PBXFileReference; explicitFileType = wrapper.framework; includeInIndex = 0; path = Pods_NinetyNineSwiftProblems.framework; sourceTree = BUILT_PRODUCTS_DIR; };
		5222F3602187461C001C2B87 /* List.swift */ = {isa = PBXFileReference; fileEncoding = 4; lastKnownFileType = sourcecode.swift; path = List.swift; sourceTree = "<group>"; };
		5222F36C21874765001C2B87 /* ListTests.swift */ = {isa = PBXFileReference; lastKnownFileType = sourcecode.swift; path = ListTests.swift; sourceTree = "<group>"; };
		526EA6EE218AD9B60047835E /* Arithmetic.swift */ = {isa = PBXFileReference; lastKnownFileType = sourcecode.swift; path = Arithmetic.swift; sourceTree = "<group>"; };
		526EA6F2218ADA750047835E /* ArithmeticTests.swift */ = {isa = PBXFileReference; lastKnownFileType = sourcecode.swift; path = ArithmeticTests.swift; sourceTree = "<group>"; };
		526EA6FA218B00E70047835E /* SetExtensions.swift */ = {isa = PBXFileReference; lastKnownFileType = sourcecode.swift; path = SetExtensions.swift; sourceTree = "<group>"; };
		52F87167218744C300AA73D3 /* NinetyNineSwiftProblems.app */ = {isa = PBXFileReference; explicitFileType = wrapper.application; includeInIndex = 0; path = NinetyNineSwiftProblems.app; sourceTree = BUILT_PRODUCTS_DIR; };
		52F8716A218744C300AA73D3 /* AppDelegate.swift */ = {isa = PBXFileReference; lastKnownFileType = sourcecode.swift; path = AppDelegate.swift; sourceTree = "<group>"; };
		52F8716C218744C400AA73D3 /* Assets.xcassets */ = {isa = PBXFileReference; lastKnownFileType = folder.assetcatalog; path = Assets.xcassets; sourceTree = "<group>"; };
		52F8716F218744C400AA73D3 /* Base */ = {isa = PBXFileReference; lastKnownFileType = file.xib; name = Base; path = Base.lproj/MainMenu.xib; sourceTree = "<group>"; };
		52F87171218744C400AA73D3 /* Info.plist */ = {isa = PBXFileReference; lastKnownFileType = text.plist.xml; path = Info.plist; sourceTree = "<group>"; };
		52F87172218744C400AA73D3 /* NinetyNineSwiftProblems.entitlements */ = {isa = PBXFileReference; lastKnownFileType = text.plist.entitlements; path = NinetyNineSwiftProblems.entitlements; sourceTree = "<group>"; };
		52F87177218744C400AA73D3 /* NinetyNineSwiftProblemsTests.xctest */ = {isa = PBXFileReference; explicitFileType = wrapper.cfbundle; includeInIndex = 0; path = NinetyNineSwiftProblemsTests.xctest; sourceTree = BUILT_PRODUCTS_DIR; };
		52F8717D218744C400AA73D3 /* Info.plist */ = {isa = PBXFileReference; lastKnownFileType = text.plist.xml; path = Info.plist; sourceTree = "<group>"; };
		8BE9CD5F43B041798F16F629 /* Pods-NinetyNineSwiftProblems.release.xcconfig */ = {isa = PBXFileReference; includeInIndex = 1; lastKnownFileType = text.xcconfig; name = "Pods-NinetyNineSwiftProblems.release.xcconfig"; path = "Pods/Target Support Files/Pods-NinetyNineSwiftProblems/Pods-NinetyNineSwiftProblems.release.xcconfig"; sourceTree = "<group>"; };
/* End PBXFileReference section */

/* Begin PBXFrameworksBuildPhase section */
		52F87164218744C300AA73D3 /* Frameworks */ = {
			isa = PBXFrameworksBuildPhase;
			buildActionMask = 2147483647;
			files = (
				0AC3590A379260AA1A58DE2C /* Pods_NinetyNineSwiftProblems.framework in Frameworks */,
			);
			runOnlyForDeploymentPostprocessing = 0;
		};
		52F87174218744C400AA73D3 /* Frameworks */ = {
			isa = PBXFrameworksBuildPhase;
			buildActionMask = 2147483647;
			files = (
			);
			runOnlyForDeploymentPostprocessing = 0;
		};
/* End PBXFrameworksBuildPhase section */

/* Begin PBXGroup section */
		5222F35F2187461C001C2B87 /* Problems */ = {
			isa = PBXGroup;
			children = (
				5222F3602187461C001C2B87 /* List.swift */,
				526EA6EE218AD9B60047835E /* Arithmetic.swift */,
			);
			path = Problems;
			sourceTree = "<group>";
		};
		5222F36A21874683001C2B87 /* App */ = {
			isa = PBXGroup;
			children = (
				52F8716A218744C300AA73D3 /* AppDelegate.swift */,
			);
			name = App;
			sourceTree = "<group>";
		};
		5222F36B2187468F001C2B87 /* Resources */ = {
			isa = PBXGroup;
			children = (
				52F8716C218744C400AA73D3 /* Assets.xcassets */,
				52F8716E218744C400AA73D3 /* MainMenu.xib */,
				52F87171218744C400AA73D3 /* Info.plist */,
				52F87172218744C400AA73D3 /* NinetyNineSwiftProblems.entitlements */,
			);
			name = Resources;
			sourceTree = "<group>";
		};
		526EA6F4218ADA7C0047835E /* Resources */ = {
			isa = PBXGroup;
			children = (
				52F8717D218744C400AA73D3 /* Info.plist */,
			);
			path = Resources;
			sourceTree = "<group>";
		};
		526EA6F5218ADA8B0047835E /* Tests */ = {
			isa = PBXGroup;
			children = (
				526EA6F2218ADA750047835E /* ArithmeticTests.swift */,
				5222F36C21874765001C2B87 /* ListTests.swift */,
			);
			path = Tests;
			sourceTree = "<group>";
		};
		526EA6F9218B00B90047835E /* Extensions */ = {
			isa = PBXGroup;
			children = (
				526EA6FA218B00E70047835E /* SetExtensions.swift */,
			);
			path = Extensions;
			sourceTree = "<group>";
		};
		52F8715E218744C200AA73D3 = {
			isa = PBXGroup;
			children = (
				52F87169218744C300AA73D3 /* NinetyNineSwiftProblems */,
				52F8717A218744C400AA73D3 /* NinetyNineSwiftProblemsTests */,
				52F87168218744C300AA73D3 /* Products */,
				99890FF59B9B5726C26731F8 /* Pods */,
				6817AB87D2D7AD23BB329B9A /* Frameworks */,
			);
			sourceTree = "<group>";
		};
		52F87168218744C300AA73D3 /* Products */ = {
			isa = PBXGroup;
			children = (
				52F87167218744C300AA73D3 /* NinetyNineSwiftProblems.app */,
				52F87177218744C400AA73D3 /* NinetyNineSwiftProblemsTests.xctest */,
			);
			name = Products;
			sourceTree = "<group>";
		};
		52F87169218744C300AA73D3 /* NinetyNineSwiftProblems */ = {
			isa = PBXGroup;
			children = (
				526EA6F9218B00B90047835E /* Extensions */,
				5222F36A21874683001C2B87 /* App */,
				5222F35F2187461C001C2B87 /* Problems */,
				5222F36B2187468F001C2B87 /* Resources */,
			);
			path = NinetyNineSwiftProblems;
			sourceTree = "<group>";
		};
		52F8717A218744C400AA73D3 /* NinetyNineSwiftProblemsTests */ = {
			isa = PBXGroup;
			children = (
				526EA6F5218ADA8B0047835E /* Tests */,
				526EA6F4218ADA7C0047835E /* Resources */,
			);
			path = NinetyNineSwiftProblemsTests;
			sourceTree = "<group>";
		};
		6817AB87D2D7AD23BB329B9A /* Frameworks */ = {
			isa = PBXGroup;
			children = (
				3A25D3036A5E38893C688840 /* Pods_NinetyNineSwiftProblems.framework */,
			);
			name = Frameworks;
			sourceTree = "<group>";
		};
		99890FF59B9B5726C26731F8 /* Pods */ = {
			isa = PBXGroup;
			children = (
				2D12D886153592AEF3B2B9C9 /* Pods-NinetyNineSwiftProblems.debug.xcconfig */,
				8BE9CD5F43B041798F16F629 /* Pods-NinetyNineSwiftProblems.release.xcconfig */,
			);
			name = Pods;
			sourceTree = "<group>";
		};
/* End PBXGroup section */

/* Begin PBXNativeTarget section */
		52F87166218744C300AA73D3 /* NinetyNineSwiftProblems */ = {
			isa = PBXNativeTarget;
			buildConfigurationList = 52F87180218744C400AA73D3 /* Build configuration list for PBXNativeTarget "NinetyNineSwiftProblems" */;
			buildPhases = (
				719DE8BF07112C4982AACFAA /* [CP] Check Pods Manifest.lock */,
				52F87163218744C300AA73D3 /* Sources */,
				52F87164218744C300AA73D3 /* Frameworks */,
				52F87165218744C300AA73D3 /* Resources */,
				5BDDD31950A7F25A1321A837 /* [CP] Embed Pods Frameworks */,
				5222F3682187462B001C2B87 /* Embed Frameworks */,
			);
			buildRules = (
			);
			dependencies = (
			);
			name = NinetyNineSwiftProblems;
			productName = NinetyNineSwiftProblems;
			productReference = 52F87167218744C300AA73D3 /* NinetyNineSwiftProblems.app */;
			productType = "com.apple.product-type.application";
		};
		52F87176218744C400AA73D3 /* NinetyNineSwiftProblemsTests */ = {
			isa = PBXNativeTarget;
			buildConfigurationList = 52F87183218744C400AA73D3 /* Build configuration list for PBXNativeTarget "NinetyNineSwiftProblemsTests" */;
			buildPhases = (
				52F87173218744C400AA73D3 /* Sources */,
				52F87174218744C400AA73D3 /* Frameworks */,
				52F87175218744C400AA73D3 /* Resources */,
			);
			buildRules = (
			);
			dependencies = (
				52F87179218744C400AA73D3 /* PBXTargetDependency */,
			);
			name = NinetyNineSwiftProblemsTests;
			productName = NinetyNineSwiftProblemsTests;
			productReference = 52F87177218744C400AA73D3 /* NinetyNineSwiftProblemsTests.xctest */;
			productType = "com.apple.product-type.bundle.unit-test";
		};
/* End PBXNativeTarget section */

/* Begin PBXProject section */
		52F8715F218744C200AA73D3 /* Project object */ = {
			isa = PBXProject;
			attributes = {
				LastSwiftUpdateCheck = 1000;
				LastUpgradeCheck = 1000;
				ORGANIZATIONNAME = "Jacob Relkin";
				TargetAttributes = {
					52F87166218744C300AA73D3 = {
						CreatedOnToolsVersion = 10.0;
					};
					52F87176218744C400AA73D3 = {
						CreatedOnToolsVersion = 10.0;
						TestTargetID = 52F87166218744C300AA73D3;
					};
				};
			};
			buildConfigurationList = 52F87162218744C200AA73D3 /* Build configuration list for PBXProject "NinetyNineSwiftProblems" */;
			compatibilityVersion = "Xcode 9.3";
			developmentRegion = en;
			hasScannedForEncodings = 0;
			knownRegions = (
				en,
				Base,
			);
			mainGroup = 52F8715E218744C200AA73D3;
			productRefGroup = 52F87168218744C300AA73D3 /* Products */;
			projectDirPath = "";
			projectRoot = "";
			targets = (
				52F87166218744C300AA73D3 /* NinetyNineSwiftProblems */,
				52F87176218744C400AA73D3 /* NinetyNineSwiftProblemsTests */,
			);
		};
/* End PBXProject section */

/* Begin PBXResourcesBuildPhase section */
		52F87165218744C300AA73D3 /* Resources */ = {
			isa = PBXResourcesBuildPhase;
			buildActionMask = 2147483647;
			files = (
				52F8716D218744C400AA73D3 /* Assets.xcassets in Resources */,
				52F87170218744C400AA73D3 /* MainMenu.xib in Resources */,
			);
			runOnlyForDeploymentPostprocessing = 0;
		};
		52F87175218744C400AA73D3 /* Resources */ = {
			isa = PBXResourcesBuildPhase;
			buildActionMask = 2147483647;
			files = (
			);
			runOnlyForDeploymentPostprocessing = 0;
		};
/* End PBXResourcesBuildPhase section */

/* Begin PBXShellScriptBuildPhase section */
		5BDDD31950A7F25A1321A837 /* [CP] Embed Pods Frameworks */ = {
			isa = PBXShellScriptBuildPhase;
			buildActionMask = 2147483647;
			files = (
			);
			inputFileListPaths = (
			);
			inputPaths = (
				"${SRCROOT}/Pods/Target Support Files/Pods-NinetyNineSwiftProblems/Pods-NinetyNineSwiftProblems-frameworks.sh",
				"${BUILT_PRODUCTS_DIR}/Combinatorics/Combinatorics.framework",
			);
			name = "[CP] Embed Pods Frameworks";
			outputFileListPaths = (
			);
			outputPaths = (
				"${TARGET_BUILD_DIR}/${FRAMEWORKS_FOLDER_PATH}/Combinatorics.framework",
			);
			runOnlyForDeploymentPostprocessing = 0;
			shellPath = /bin/sh;
			shellScript = "\"${SRCROOT}/Pods/Target Support Files/Pods-NinetyNineSwiftProblems/Pods-NinetyNineSwiftProblems-frameworks.sh\"\n";
			showEnvVarsInLog = 0;
		};
		719DE8BF07112C4982AACFAA /* [CP] Check Pods Manifest.lock */ = {
			isa = PBXShellScriptBuildPhase;
			buildActionMask = 2147483647;
			files = (
			);
			inputFileListPaths = (
			);
			inputPaths = (
				"${PODS_PODFILE_DIR_PATH}/Podfile.lock",
				"${PODS_ROOT}/Manifest.lock",
			);
			name = "[CP] Check Pods Manifest.lock";
			outputFileListPaths = (
			);
			outputPaths = (
				"$(DERIVED_FILE_DIR)/Pods-NinetyNineSwiftProblems-checkManifestLockResult.txt",
			);
			runOnlyForDeploymentPostprocessing = 0;
			shellPath = /bin/sh;
			shellScript = "diff \"${PODS_PODFILE_DIR_PATH}/Podfile.lock\" \"${PODS_ROOT}/Manifest.lock\" > /dev/null\nif [ $? != 0 ] ; then\n    # print error to STDERR\n    echo \"error: The sandbox is not in sync with the Podfile.lock. Run 'pod install' or update your CocoaPods installation.\" >&2\n    exit 1\nfi\n# This output is used by Xcode 'outputs' to avoid re-running this script phase.\necho \"SUCCESS\" > \"${SCRIPT_OUTPUT_FILE_0}\"\n";
			showEnvVarsInLog = 0;
		};
/* End PBXShellScriptBuildPhase section */

/* Begin PBXSourcesBuildPhase section */
		52F87163218744C300AA73D3 /* Sources */ = {
			isa = PBXSourcesBuildPhase;
			buildActionMask = 2147483647;
			files = (
				526EA6EF218AD9B60047835E /* Arithmetic.swift in Sources */,
				52F8716B218744C300AA73D3 /* AppDelegate.swift in Sources */,
				526EA6FB218B00E70047835E /* SetExtensions.swift in Sources */,
				5222F3632187461C001C2B87 /* List.swift in Sources */,
			);
			runOnlyForDeploymentPostprocessing = 0;
		};
		52F87173218744C400AA73D3 /* Sources */ = {
			isa = PBXSourcesBuildPhase;
			buildActionMask = 2147483647;
			files = (
				5222F36D21874765001C2B87 /* ListTests.swift in Sources */,
				526EA6F3218ADA750047835E /* ArithmeticTests.swift in Sources */,
			);
			runOnlyForDeploymentPostprocessing = 0;
		};
/* End PBXSourcesBuildPhase section */

/* Begin PBXTargetDependency section */
		52F87179218744C400AA73D3 /* PBXTargetDependency */ = {
			isa = PBXTargetDependency;
			target = 52F87166218744C300AA73D3 /* NinetyNineSwiftProblems */;
			targetProxy = 52F87178218744C400AA73D3 /* PBXContainerItemProxy */;
		};
/* End PBXTargetDependency section */

/* Begin PBXVariantGroup section */
		52F8716E218744C400AA73D3 /* MainMenu.xib */ = {
			isa = PBXVariantGroup;
			children = (
				52F8716F218744C400AA73D3 /* Base */,
			);
			name = MainMenu.xib;
			sourceTree = "<group>";
		};
/* End PBXVariantGroup section */

/* Begin XCBuildConfiguration section */
		52F8717E218744C400AA73D3 /* Debug */ = {
			isa = XCBuildConfiguration;
			buildSettings = {
				ALWAYS_SEARCH_USER_PATHS = NO;
				CLANG_ANALYZER_NONNULL = YES;
				CLANG_ANALYZER_NUMBER_OBJECT_CONVERSION = YES_AGGRESSIVE;
				CLANG_CXX_LANGUAGE_STANDARD = "gnu++14";
				CLANG_CXX_LIBRARY = "libc++";
				CLANG_ENABLE_MODULES = YES;
				CLANG_ENABLE_OBJC_ARC = YES;
				CLANG_ENABLE_OBJC_WEAK = YES;
				CLANG_WARN_BLOCK_CAPTURE_AUTORELEASING = YES;
				CLANG_WARN_BOOL_CONVERSION = YES;
				CLANG_WARN_COMMA = YES;
				CLANG_WARN_CONSTANT_CONVERSION = YES;
				CLANG_WARN_DEPRECATED_OBJC_IMPLEMENTATIONS = YES;
				CLANG_WARN_DIRECT_OBJC_ISA_USAGE = YES_ERROR;
				CLANG_WARN_DOCUMENTATION_COMMENTS = YES;
				CLANG_WARN_EMPTY_BODY = YES;
				CLANG_WARN_ENUM_CONVERSION = YES;
				CLANG_WARN_INFINITE_RECURSION = YES;
				CLANG_WARN_INT_CONVERSION = YES;
				CLANG_WARN_NON_LITERAL_NULL_CONVERSION = YES;
				CLANG_WARN_OBJC_IMPLICIT_RETAIN_SELF = YES;
				CLANG_WARN_OBJC_LITERAL_CONVERSION = YES;
				CLANG_WARN_OBJC_ROOT_CLASS = YES_ERROR;
				CLANG_WARN_RANGE_LOOP_ANALYSIS = YES;
				CLANG_WARN_STRICT_PROTOTYPES = YES;
				CLANG_WARN_SUSPICIOUS_MOVE = YES;
				CLANG_WARN_UNGUARDED_AVAILABILITY = YES_AGGRESSIVE;
				CLANG_WARN_UNREACHABLE_CODE = YES;
				CLANG_WARN__DUPLICATE_METHOD_MATCH = YES;
				CODE_SIGN_IDENTITY = "-";
				COPY_PHASE_STRIP = NO;
				DEBUG_INFORMATION_FORMAT = dwarf;
				ENABLE_STRICT_OBJC_MSGSEND = YES;
				ENABLE_TESTABILITY = YES;
				GCC_C_LANGUAGE_STANDARD = gnu11;
				GCC_DYNAMIC_NO_PIC = NO;
				GCC_NO_COMMON_BLOCKS = YES;
				GCC_OPTIMIZATION_LEVEL = 0;
				GCC_PREPROCESSOR_DEFINITIONS = (
					"DEBUG=1",
					"$(inherited)",
				);
				GCC_WARN_64_TO_32_BIT_CONVERSION = YES;
				GCC_WARN_ABOUT_RETURN_TYPE = YES_ERROR;
				GCC_WARN_UNDECLARED_SELECTOR = YES;
				GCC_WARN_UNINITIALIZED_AUTOS = YES_AGGRESSIVE;
				GCC_WARN_UNUSED_FUNCTION = YES;
				GCC_WARN_UNUSED_VARIABLE = YES;
				MACOSX_DEPLOYMENT_TARGET = 10.14;
				MTL_ENABLE_DEBUG_INFO = INCLUDE_SOURCE;
				MTL_FAST_MATH = YES;
				ONLY_ACTIVE_ARCH = YES;
				SDKROOT = macosx;
				SWIFT_ACTIVE_COMPILATION_CONDITIONS = DEBUG;
				SWIFT_OPTIMIZATION_LEVEL = "-Onone";
			};
			name = Debug;
		};
		52F8717F218744C400AA73D3 /* Release */ = {
			isa = XCBuildConfiguration;
			buildSettings = {
				ALWAYS_SEARCH_USER_PATHS = NO;
				CLANG_ANALYZER_NONNULL = YES;
				CLANG_ANALYZER_NUMBER_OBJECT_CONVERSION = YES_AGGRESSIVE;
				CLANG_CXX_LANGUAGE_STANDARD = "gnu++14";
				CLANG_CXX_LIBRARY = "libc++";
				CLANG_ENABLE_MODULES = YES;
				CLANG_ENABLE_OBJC_ARC = YES;
				CLANG_ENABLE_OBJC_WEAK = YES;
				CLANG_WARN_BLOCK_CAPTURE_AUTORELEASING = YES;
				CLANG_WARN_BOOL_CONVERSION = YES;
				CLANG_WARN_COMMA = YES;
				CLANG_WARN_CONSTANT_CONVERSION = YES;
				CLANG_WARN_DEPRECATED_OBJC_IMPLEMENTATIONS = YES;
				CLANG_WARN_DIRECT_OBJC_ISA_USAGE = YES_ERROR;
				CLANG_WARN_DOCUMENTATION_COMMENTS = YES;
				CLANG_WARN_EMPTY_BODY = YES;
				CLANG_WARN_ENUM_CONVERSION = YES;
				CLANG_WARN_INFINITE_RECURSION = YES;
				CLANG_WARN_INT_CONVERSION = YES;
				CLANG_WARN_NON_LITERAL_NULL_CONVERSION = YES;
				CLANG_WARN_OBJC_IMPLICIT_RETAIN_SELF = YES;
				CLANG_WARN_OBJC_LITERAL_CONVERSION = YES;
				CLANG_WARN_OBJC_ROOT_CLASS = YES_ERROR;
				CLANG_WARN_RANGE_LOOP_ANALYSIS = YES;
				CLANG_WARN_STRICT_PROTOTYPES = YES;
				CLANG_WARN_SUSPICIOUS_MOVE = YES;
				CLANG_WARN_UNGUARDED_AVAILABILITY = YES_AGGRESSIVE;
				CLANG_WARN_UNREACHABLE_CODE = YES;
				CLANG_WARN__DUPLICATE_METHOD_MATCH = YES;
				CODE_SIGN_IDENTITY = "-";
				COPY_PHASE_STRIP = NO;
				DEBUG_INFORMATION_FORMAT = "dwarf-with-dsym";
				ENABLE_NS_ASSERTIONS = NO;
				ENABLE_STRICT_OBJC_MSGSEND = YES;
				GCC_C_LANGUAGE_STANDARD = gnu11;
				GCC_NO_COMMON_BLOCKS = YES;
				GCC_WARN_64_TO_32_BIT_CONVERSION = YES;
				GCC_WARN_ABOUT_RETURN_TYPE = YES_ERROR;
				GCC_WARN_UNDECLARED_SELECTOR = YES;
				GCC_WARN_UNINITIALIZED_AUTOS = YES_AGGRESSIVE;
				GCC_WARN_UNUSED_FUNCTION = YES;
				GCC_WARN_UNUSED_VARIABLE = YES;
				MACOSX_DEPLOYMENT_TARGET = 10.14;
				MTL_ENABLE_DEBUG_INFO = NO;
				MTL_FAST_MATH = YES;
				SDKROOT = macosx;
				SWIFT_COMPILATION_MODE = wholemodule;
				SWIFT_OPTIMIZATION_LEVEL = "-O";
			};
			name = Release;
		};
		52F87181218744C400AA73D3 /* Debug */ = {
			isa = XCBuildConfiguration;
			baseConfigurationReference = 2D12D886153592AEF3B2B9C9 /* Pods-NinetyNineSwiftProblems.debug.xcconfig */;
			buildSettings = {
				ASSETCATALOG_COMPILER_APPICON_NAME = AppIcon;
				CODE_SIGN_ENTITLEMENTS = NinetyNineSwiftProblems/NinetyNineSwiftProblems.entitlements;
				CODE_SIGN_IDENTITY = "Mac Developer";
				CODE_SIGN_STYLE = Automatic;
				COMBINE_HIDPI_IMAGES = YES;
				DEVELOPMENT_TEAM = 7472HG85WA;
				INFOPLIST_FILE = NinetyNineSwiftProblems/Info.plist;
				LD_RUNPATH_SEARCH_PATHS = (
					"$(inherited)",
					"@executable_path/../Frameworks",
				);
				PRODUCT_BUNDLE_IDENTIFIER = com.jacobrelkin.NinetyNineSwiftProblems;
				PRODUCT_NAME = "$(TARGET_NAME)";
				PROVISIONING_PROFILE_SPECIFIER = "";
				SWIFT_VERSION = 4.2;
			};
			name = Debug;
		};
		52F87182218744C400AA73D3 /* Release */ = {
			isa = XCBuildConfiguration;
			baseConfigurationReference = 8BE9CD5F43B041798F16F629 /* Pods-NinetyNineSwiftProblems.release.xcconfig */;
			buildSettings = {
				ASSETCATALOG_COMPILER_APPICON_NAME = AppIcon;
				CODE_SIGN_ENTITLEMENTS = NinetyNineSwiftProblems/NinetyNineSwiftProblems.entitlements;
				CODE_SIGN_IDENTITY = "Mac Developer";
				CODE_SIGN_STYLE = Automatic;
				COMBINE_HIDPI_IMAGES = YES;
				DEVELOPMENT_TEAM = 7472HG85WA;
				INFOPLIST_FILE = NinetyNineSwiftProblems/Info.plist;
				LD_RUNPATH_SEARCH_PATHS = (
					"$(inherited)",
					"@executable_path/../Frameworks",
				);
				PRODUCT_BUNDLE_IDENTIFIER = com.jacobrelkin.NinetyNineSwiftProblems;
				PRODUCT_NAME = "$(TARGET_NAME)";
				PROVISIONING_PROFILE_SPECIFIER = "";
				SWIFT_VERSION = 4.2;
			};
			name = Release;
		};
		52F87184218744C400AA73D3 /* Debug */ = {
			isa = XCBuildConfiguration;
			buildSettings = {
				ALWAYS_EMBED_SWIFT_STANDARD_LIBRARIES = YES;
				BUNDLE_LOADER = "$(TEST_HOST)";
				CODE_SIGN_IDENTITY = "Mac Developer";
				CODE_SIGN_STYLE = Automatic;
				COMBINE_HIDPI_IMAGES = YES;
				DEVELOPMENT_TEAM = 7472HG85WA;
				INFOPLIST_FILE = NinetyNineSwiftProblemsTests/Resources/Info.plist;
				LD_RUNPATH_SEARCH_PATHS = (
					"$(inherited)",
					"@executable_path/../Frameworks",
					"@loader_path/../Frameworks",
				);
				PRODUCT_BUNDLE_IDENTIFIER = com.jacobrelkin.NinetyNineSwiftProblemsTests;
				PRODUCT_NAME = "$(TARGET_NAME)";
				PROVISIONING_PROFILE_SPECIFIER = "";
				SWIFT_VERSION = 4.2;
				TEST_HOST = "$(BUILT_PRODUCTS_DIR)/NinetyNineSwiftProblems.app/Contents/MacOS/NinetyNineSwiftProblems";
			};
			name = Debug;
		};
		52F87185218744C400AA73D3 /* Release */ = {
			isa = XCBuildConfiguration;
			buildSettings = {
				ALWAYS_EMBED_SWIFT_STANDARD_LIBRARIES = YES;
				BUNDLE_LOADER = "$(TEST_HOST)";
				CODE_SIGN_IDENTITY = "Mac Developer";
				CODE_SIGN_STYLE = Automatic;
				COMBINE_HIDPI_IMAGES = YES;
				DEVELOPMENT_TEAM = 7472HG85WA;
				INFOPLIST_FILE = NinetyNineSwiftProblemsTests/Resources/Info.plist;
				LD_RUNPATH_SEARCH_PATHS = (
					"$(inherited)",
					"@executable_path/../Frameworks",
					"@loader_path/../Frameworks",
				);
				PRODUCT_BUNDLE_IDENTIFIER = com.jacobrelkin.NinetyNineSwiftProblemsTests;
				PRODUCT_NAME = "$(TARGET_NAME)";
				PROVISIONING_PROFILE_SPECIFIER = "";
				SWIFT_VERSION = 4.2;
				TEST_HOST = "$(BUILT_PRODUCTS_DIR)/NinetyNineSwiftProblems.app/Contents/MacOS/NinetyNineSwiftProblems";
			};
			name = Release;
		};
/* End XCBuildConfiguration section */

/* Begin XCConfigurationList section */
		52F87162218744C200AA73D3 /* Build configuration list for PBXProject "NinetyNineSwiftProblems" */ = {
			isa = XCConfigurationList;
			buildConfigurations = (
				52F8717E218744C400AA73D3 /* Debug */,
				52F8717F218744C400AA73D3 /* Release */,
			);
			defaultConfigurationIsVisible = 0;
			defaultConfigurationName = Release;
		};
		52F87180218744C400AA73D3 /* Build configuration list for PBXNativeTarget "NinetyNineSwiftProblems" */ = {
			isa = XCConfigurationList;
			buildConfigurations = (
				52F87181218744C400AA73D3 /* Debug */,
				52F87182218744C400AA73D3 /* Release */,
			);
			defaultConfigurationIsVisible = 0;
			defaultConfigurationName = Release;
		};
		52F87183218744C400AA73D3 /* Build configuration list for PBXNativeTarget "NinetyNineSwiftProblemsTests" */ = {
			isa = XCConfigurationList;
			buildConfigurations = (
				52F87184218744C400AA73D3 /* Debug */,
				52F87185218744C400AA73D3 /* Release */,
			);
			defaultConfigurationIsVisible = 0;
			defaultConfigurationName = Release;
		};
/* End XCConfigurationList section */
	};
	rootObject = 52F8715F218744C200AA73D3 /* Project object */;
}
